<Solution>
  <Project Path="ERP.Application/ERP.Application.csproj" />
  <Project Path="ERP.Domain/ERP.Domain.csproj" />
  <Project Path="ERP.Infrastructure/ERP.Infrastructure.csproj" />
  <Project Path="ERP.SharedKernel/ERP.SharedKernel.csproj" />
  <Project Path="ERP.WebUI/ERP.WebUI.csproj" />
  <Project Path="ERP/ERP.WebAPI.csproj" />
</Solution>
